// !$*UTF8*$!
{
	archiveVersion = 1;
	classes = {
	};
	objectVersion = 46;
	objects = {

/* Begin PBXBuildFile section */
		879FE39C1CF3F51600F6DC4D /* main.m in Sources */ = {isa = PBXBuildFile; fileRef = 879FE39B1CF3F51600F6DC4D /* main.m */; };
		879FE39F1CF3F51600F6DC4D /* AppDelegate.m in Sources */ = {isa = PBXBuildFile; fileRef = 879FE39E1CF3F51600F6DC4D /* AppDelegate.m */; };
		879FE3A21CF3F51600F6DC4D /* ViewController.m in Sources */ = {isa = PBXBuildFile; fileRef = 879FE3A11CF3F51600F6DC4D /* ViewController.m */; };
		879FE3A51CF3F51600F6DC4D /* Main.storyboard in Resources */ = {isa = PBXBuildFile; fileRef = 879FE3A31CF3F51600F6DC4D /* Main.storyboard */; };
		879FE3A71CF3F51600F6DC4D /* Assets.xcassets in Resources */ = {isa = PBXBuildFile; fileRef = 879FE3A61CF3F51600F6DC4D /* Assets.xcassets */; };
		879FE3AA1CF3F51600F6DC4D /* LaunchScreen.storyboard in Resources */ = {isa = PBXBuildFile; fileRef = 879FE3A81CF3F51600F6DC4D /* LaunchScreen.storyboard */; };
		879FE3B31CF3F54E00F6DC4D /* GCDThrottle.m in Sources */ = {isa = PBXBuildFile; fileRef = 879FE3B21CF3F54E00F6DC4D /* GCDThrottle.m */; };
/* End PBXBuildFile section */

/* Begin PBXFileReference section */
		879FE3971CF3F51600F6DC4D /* GCDThrottle.app */ = {isa = PBXFileReference; explicitFileType = wrapper.application; includeInIndex = 0; path = GCDThrottle.app; sourceTree = BUILT_PRODUCTS_DIR; };
		879FE39B1CF3F51600F6DC4D /* main.m */ = {isa = PBXFileReference; lastKnownFileType = sourcecode.c.objc; path = main.m; sourceTree = "<group>"; };
		879FE39D1CF3F51600F6DC4D /* AppDelegate.h */ = {isa = PBXFileReference; lastKnownFileType = sourcecode.c.h; path = AppDelegate.h; sourceTree = "<group>"; };
		879FE39E1CF3F51600F6DC4D /* AppDelegate.m */ = {isa = PBXFileReference; lastKnownFileType = sourcecode.c.objc; path = AppDelegate.m; sourceTree = "<group>"; };
		879FE3A01CF3F51600F6DC4D /* ViewController.h */ = {isa = PBXFileReference; lastKnownFileType = sourcecode.c.h; path = ViewController.h; sourceTree = "<group>"; };
		879FE3A11CF3F51600F6DC4D /* ViewController.m */ = {isa = PBXFileReference; lastKnownFileType = sourcecode.c.objc; path = ViewController.m; sourceTree = "<group>"; };
		879FE3A41CF3F51600F6DC4D /* Base */ = {isa = PBXFileReference; lastKnownFileType = file.storyboard; name = Base; path = Base.lproj/Main.storyboard; sourceTree = "<group>"; };
		879FE3A61CF3F51600F6DC4D /* Assets.xcassets */ = {isa = PBXFileReference; lastKnownFileType = folder.assetcatalog; path = Assets.xcassets; sourceTree = "<group>"; };
		879FE3A91CF3F51600F6DC4D /* Base */ = {isa = PBXFileReference; lastKnownFileType = file.storyboard; name = Base; path = Base.lproj/LaunchScreen.storyboard; sourceTree = "<group>"; };
		879FE3AB1CF3F51600F6DC4D /* Info.plist */ = {isa = PBXFileReference; lastKnownFileType = text.plist.xml; path = Info.plist; sourceTree = "<group>"; };
		879FE3B11CF3F54E00F6DC4D /* GCDThrottle.h */ = {isa = PBXFileReference; fileEncoding = 4; lastKnownFileType = sourcecode.c.h; path = GCDThrottle.h; sourceTree = "<group>"; };
		879FE3B21CF3F54E00F6DC4D /* GCDThrottle.m */ = {isa = PBXFileReference; fileEncoding = 4; lastKnownFileType = sourcecode.c.objc; path = GCDThrottle.m; sourceTree = "<group>"; };
/* End PBXFileReference section */

/* Begin PBXFrameworksBuildPhase section */
		879FE3941CF3F51600F6DC4D /* Frameworks */ = {
			isa = PBXFrameworksBuildPhase;
			buildActionMask = 2147483647;
			files = (
			);
			runOnlyForDeploymentPostprocessing = 0;
		};
/* End PBXFrameworksBuildPhase section */

/* Begin PBXGroup section */
		879FE38E1CF3F51600F6DC4D = {
			isa = PBXGroup;
			children = (
				879FE3991CF3F51600F6DC4D /* GCDThrottle */,
				879FE3981CF3F51600F6DC4D /* Products */,
			);
			sourceTree = "<group>";
		};
		879FE3981CF3F51600F6DC4D /* Products */ = {
			isa = PBXGroup;
			children = (
				879FE3971CF3F51600F6DC4D /* GCDThrottle.app */,
			);
			name = Products;
			sourceTree = "<group>";
		};
		879FE3991CF3F51600F6DC4D /* GCDThrottle */ = {
			isa = PBXGroup;
			children = (
				879FE3B11CF3F54E00F6DC4D /* GCDThrottle.h */,
				879FE3B21CF3F54E00F6DC4D /* GCDThrottle.m */,
				879FE39D1CF3F51600F6DC4D /* AppDelegate.h */,
				879FE39E1CF3F51600F6DC4D /* AppDelegate.m */,
				879FE3A01CF3F51600F6DC4D /* ViewController.h */,
				879FE3A11CF3F51600F6DC4D /* ViewController.m */,
				879FE3A31CF3F51600F6DC4D /* Main.storyboard */,
				879FE3A61CF3F51600F6DC4D /* Assets.xcassets */,
				879FE3A81CF3F51600F6DC4D /* LaunchScreen.storyboard */,
				879FE3AB1CF3F51600F6DC4D /* Info.plist */,
				879FE39A1CF3F51600F6DC4D /* Supporting Files */,
			);
			path = GCDThrottle;
			sourceTree = "<group>";
		};
		879FE39A1CF3F51600F6DC4D /* Supporting Files */ = {
			isa = PBXGroup;
			children = (
				879FE39B1CF3F51600F6DC4D /* main.m */,
			);
			name = "Supporting Files";
			sourceTree = "<group>";
		};
/* End PBXGroup section */

/* Begin PBXNativeTarget section */
		879FE3961CF3F51600F6DC4D /* GCDThrottle */ = {
			isa = PBXNativeTarget;
			buildConfigurationList = 879FE3AE1CF3F51600F6DC4D /* Build configuration list for PBXNativeTarget "GCDThrottle" */;
			buildPhases = (
				879FE3931CF3F51600F6DC4D /* Sources */,
				879FE3941CF3F51600F6DC4D /* Frameworks */,
				879FE3951CF3F51600F6DC4D /* Resources */,
			);
			buildRules = (
			);
			dependencies = (
			);
			name = GCDThrottle;
			productName = GCDThrottle;
			productReference = 879FE3971CF3F51600F6DC4D /* GCDThrottle.app */;
			productType = "com.apple.product-type.application";
		};
/* End PBXNativeTarget section */

/* Begin PBXProject section */
		879FE38F1CF3F51600F6DC4D /* Project object */ = {
			isa = PBXProject;
			attributes = {
				LastUpgradeCheck = 0720;
				ORGANIZATIONNAME = cyan;
				TargetAttributes = {
					879FE3961CF3F51600F6DC4D = {
						CreatedOnToolsVersion = 7.2.1;
					};
				};
			};
			buildConfigurationList = 879FE3921CF3F51600F6DC4D /* Build configuration list for PBXProject "GCDThrottle" */;
			compatibilityVersion = "Xcode 3.2";
			developmentRegion = English;
			hasScannedForEncodings = 0;
			knownRegions = (
				en,
				Base,
			);
			mainGroup = 879FE38E1CF3F51600F6DC4D;
			productRefGroup = 879FE3981CF3F51600F6DC4D /* Products */;
			projectDirPath = "";
			projectRoot = "";
			targets = (
				879FE3961CF3F51600F6DC4D /* GCDThrottle */,
			);
		};
/* End PBXProject section */

/* Begin PBXResourcesBuildPhase section */
		879FE3951CF3F51600F6DC4D /* Resources */ = {
			isa = PBXResourcesBuildPhase;
			buildActionMask = 2147483647;
			files = (
				879FE3AA1CF3F51600F6DC4D /* LaunchScreen.storyboard in Resources */,
				879FE3A71CF3F51600F6DC4D /* Assets.xcassets in Resources */,
				879FE3A51CF3F51600F6DC4D /* Main.storyboard in Resources */,
			);
			runOnlyForDeploymentPostprocessing = 0;
		};
/* End PBXResourcesBuildPhase section */

/* Begin PBXSourcesBuildPhase section */
		879FE3931CF3F51600F6DC4D /* Sources */ = {
			isa = PBXSourcesBuildPhase;
			buildActionMask = 2147483647;
			files = (
				879FE3B31CF3F54E00F6DC4D /* GCDThrottle.m in Sources */,
				879FE3A21CF3F51600F6DC4D /* ViewController.m in Sources */,
				879FE39F1CF3F51600F6DC4D /* AppDelegate.m in Sources */,
				879FE39C1CF3F51600F6DC4D /* main.m in Sources */,
			);
			runOnlyForDeploymentPostprocessing = 0;
		};
/* End PBXSourcesBuildPhase section */

/* Begin PBXVariantGroup section */
		879FE3A31CF3F51600F6DC4D /* Main.storyboard */ = {
			isa = PBXVariantGroup;
			children = (
				879FE3A41CF3F51600F6DC4D /* Base */,
			);
			name = Main.storyboard;
			sourceTree = "<group>";
		};
		879FE3A81CF3F51600F6DC4D /* LaunchScreen.storyboard */ = {
			isa = PBXVariantGroup;
			children = (
				879FE3A91CF3F51600F6DC4D /* Base */,
			);
			name = LaunchScreen.storyboard;
			sourceTree = "<group>";
		};
/* End PBXVariantGroup section */

/* Begin XCBuildConfiguration section */
		879FE3AC1CF3F51600F6DC4D /* Debug */ = {
			isa = XCBuildConfiguration;
			buildSettings = {
				ALWAYS_SEARCH_USER_PATHS = NO;
				CLANG_CXX_LANGUAGE_STANDARD = "gnu++0x";
				CLANG_CXX_LIBRARY = "libc++";
				CLANG_ENABLE_MODULES = YES;
				CLANG_ENABLE_OBJC_ARC = YES;
				CLANG_WARN_BOOL_CONVERSION = YES;
				CLANG_WARN_CONSTANT_CONVERSION = YES;
				CLANG_WARN_DIRECT_OBJC_ISA_USAGE = YES_ERROR;
				CLANG_WARN_EMPTY_BODY = YES;
				CLANG_WARN_ENUM_CONVERSION = YES;
				CLANG_WARN_INT_CONVERSION = YES;
				CLANG_WARN_OBJC_ROOT_CLASS = YES_ERROR;
				CLANG_WARN_UNREACHABLE_CODE = YES;
				CLANG_WARN__DUPLICATE_METHOD_MATCH = YES;
				"CODE_SIGN_IDENTITY[sdk=iphoneos*]" = "iPhone Developer";
				COPY_PHASE_STRIP = NO;
				DEBUG_INFORMATION_FORMAT = dwarf;
				ENABLE_STRICT_OBJC_MSGSEND = YES;
				ENABLE_TESTABILITY = YES;
				GCC_C_LANGUAGE_STANDARD = gnu99;
				GCC_DYNAMIC_NO_PIC = NO;
				GCC_NO_COMMON_BLOCKS = YES;
				GCC_OPTIMIZATION_LEVEL = 0;
				GCC_PREPROCESSOR_DEFINITIONS = (
					"DEBUG=1",
					"$(inherited)",
				);
				GCC_WARN_64_TO_32_BIT_CONVERSION = YES;
				GCC_WARN_ABOUT_RETURN_TYPE = YES_ERROR;
				GCC_WARN_UNDECLARED_SELECTOR = YES;
				GCC_WARN_UNINITIALIZED_AUTOS = YES_AGGRESSIVE;
				GCC_WARN_UNUSED_FUNCTION = YES;
				GCC_WARN_UNUSED_VARIABLE = YES;
				IPHONEOS_DEPLOYMENT_TARGET = 9.2;
				MTL_ENABLE_DEBUG_INFO = YES;
				ONLY_ACTIVE_ARCH = YES;
				SDKROOT = iphoneos;
				TARGETED_DEVICE_FAMILY = "1,2";
			};
			name = Debug;
		};
		879FE3AD1CF3F51600F6DC4D /* Release */ = {
			isa = XCBuildConfiguration;
			buildSettings = {
				ALWAYS_SEARCH_USER_PATHS = NO;
				CLANG_CXX_LANGUAGE_STANDARD = "gnu++0x";
				CLANG_CXX_LIBRARY = "libc++";
				CLANG_ENABLE_MODULES = YES;
				CLANG_ENABLE_OBJC_ARC = YES;
				CLANG_WARN_BOOL_CONVERSION = YES;
				CLANG_WARN_CONSTANT_CONVERSION = YES;
				CLANG_WARN_DIRECT_OBJC_ISA_USAGE = YES_ERROR;
				CLANG_WARN_EMPTY_BODY = YES;
				CLANG_WARN_ENUM_CONVERSION = YES;
				CLANG_WARN_INT_CONVERSION = YES;
				CLANG_WARN_OBJC_ROOT_CLASS = YES_ERROR;
				CLANG_WARN_UNREACHABLE_CODE = YES;
				CLANG_WARN__DUPLICATE_METHOD_MATCH = YES;
				"CODE_SIGN_IDENTITY[sdk=iphoneos*]" = "iPhone Developer";
				COPY_PHASE_STRIP = NO;
				DEBUG_INFORMATION_FORMAT = "dwarf-with-dsym";
				ENABLE_NS_ASSERTIONS = NO;
				ENABLE_STRICT_OBJC_MSGSEND = YES;
				GCC_C_LANGUAGE_STANDARD = gnu99;
				GCC_NO_COMMON_BLOCKS = YES;
				GCC_WARN_64_TO_32_BIT_CONVERSION = YES;
				GCC_WARN_ABOUT_RETURN_TYPE = YES_ERROR;
				GCC_WARN_UNDECLARED_SELECTOR = YES;
				GCC_WARN_UNINITIALIZED_AUTOS = YES_AGGRESSIVE;
				GCC_WARN_UNUSED_FUNCTION = YES;
				GCC_WARN_UNUSED_VARIABLE = YES;
				IPHONEOS_DEPLOYMENT_TARGET = 9.2;
				MTL_ENABLE_DEBUG_INFO = NO;
				SDKROOT = iphoneos;
				TARGETED_DEVICE_FAMILY = "1,2";
				VALIDATE_PRODUCT = YES;
			};
			name = Release;
		};
		879FE3AF1CF3F51600F6DC4D /* Debug */ = {
			isa = XCBuildConfiguration;
			buildSettings = {
				ASSETCATALOG_COMPILER_APPICON_NAME = AppIcon;
				INFOPLIST_FILE = GCDThrottle/Info.plist;
				LD_RUNPATH_SEARCH_PATHS = "$(inherited) @executable_path/Frameworks";
				PRODUCT_BUNDLE_IDENTIFIER = lib.cyan.throttle;
				PRODUCT_NAME = "$(TARGET_NAME)";
			};
			name = Debug;
		};
		879FE3B01CF3F51600F6DC4D /* Release */ = {
			isa = XCBuildConfiguration;
			buildSettings = {
				ASSETCATALOG_COMPILER_APPICON_NAME = AppIcon;
				INFOPLIST_FILE = GCDThrottle/Info.plist;
				LD_RUNPATH_SEARCH_PATHS = "$(inherited) @executable_path/Frameworks";
				PRODUCT_BUNDLE_IDENTIFIER = lib.cyan.throttle;
				PRODUCT_NAME = "$(TARGET_NAME)";
			};
			name = Release;
		};
/* End XCBuildConfiguration section */

/* Begin XCConfigurationList section */
		879FE3921CF3F51600F6DC4D /* Build configuration list for PBXProject "GCDThrottle" */ = {
			isa = XCConfigurationList;
			buildConfigurations = (
				879FE3AC1CF3F51600F6DC4D /* Debug */,
				879FE3AD1CF3F51600F6DC4D /* Release */,
			);
			defaultConfigurationIsVisible = 0;
			defaultConfigurationName = Release;
		};
		879FE3AE1CF3F51600F6DC4D /* Build configuration list for PBXNativeTarget "GCDThrottle" */ = {
			isa = XCConfigurationList;
			buildConfigurations = (
				879FE3AF1CF3F51600F6DC4D /* Debug */,
				879FE3B01CF3F51600F6DC4D /* Release */,
			);
			defaultConfigurationIsVisible = 0;
		};
/* End XCConfigurationList section */
	};
	rootObject = 879FE38F1CF3F51600F6DC4D /* Project object */;
}
